
Microsoft Visual Studio Solution File, Format Version 11.00
# Visual Studio 2010
Project("{FAE04EC0-301F-11D3-BF4B-00C04F79EFBC}") = "Assembly-CSharp", "Assembly-CSharp.csproj", "{82712bba-96f0-c1f8-d0ea-50cf085b1dd6}"
EndProject
Project("{FAE04EC0-301F-11D3-BF4B-00C04F79EFBC}") = "UniTask", "UniTask.csproj", "{5c110e80-4f4c-5bc3-6976-f6776150369f}"
EndProject
Project("{FAE04EC0-301F-11D3-BF4B-00C04F79EFBC}") = "Assembly-CSharp-Editor", "Assembly-CSharp-Editor.csproj", "{3c7e9ebc-6e5b-e0cd-e1d9-7accab435042}"
EndProject
Project("{FAE04EC0-301F-11D3-BF4B-00C04F79EFBC}") = "UniTask.Linq", "UniTask.Linq.csproj", "{2b1be935-902b-9b6d-8271-3d22ff82f69f}"
EndProject
Project("{FAE04EC0-301F-11D3-BF4B-00C04F79EFBC}") = "CFXRDemo", "CFXRDemo.csproj", "{662ab2fb-c048-f486-4fc3-66614dbc36db}"
EndProject
Project("{FAE04EC0-301F-11D3-BF4B-00C04F79EFBC}") = "ToonyColorsPro.Demo.Editor", "ToonyColorsPro.Demo.Editor.csproj", "{f30626a1-b062-023a-7184-a72b56fd0e14}"
EndProject
Project("{FAE04EC0-301F-11D3-BF4B-00C04F79EFBC}") = "CFXRRuntime", "CFXRRuntime.csproj", "{c5501984-ba2f-a3f4-9128-d5b543dd34b7}"
EndProject
Project("{FAE04EC0-301F-11D3-BF4B-00C04F79EFBC}") = "com.vanbassum.wakatime", "com.vanbassum.wakatime.csproj", "{5261e600-97d8-3265-5361-d0572bc8bb46}"
EndProject
Project("{FAE04EC0-301F-11D3-BF4B-00C04F79EFBC}") = "CFXREditor", "CFXREditor.csproj", "{ff848cd5-9984-2cc0-4b2a-db079823c6bc}"
EndProject
Project("{FAE04EC0-301F-11D3-BF4B-00C04F79EFBC}") = "Gentleland.SteampunkUI.DemoAndExample", "Gentleland.SteampunkUI.DemoAndExample.csproj", "{92ec407c-22b8-2846-e28b-0d04c8828ced}"
EndProject
Project("{FAE04EC0-301F-11D3-BF4B-00C04F79EFBC}") = "UniTask.TextMeshPro", "UniTask.TextMeshPro.csproj", "{4e267ce2-6b01-af96-99d7-1ab47ab36f0b}"
EndProject
Project("{FAE04EC0-301F-11D3-BF4B-00C04F79EFBC}") = "UniTask.Addressables", "UniTask.Addressables.csproj", "{95b4d203-8513-6817-3123-0247f04a1a04}"
EndProject
Project("{FAE04EC0-301F-11D3-BF4B-00C04F79EFBC}") = "UniTask.Editor", "UniTask.Editor.csproj", "{cc75240c-0683-e890-a374-b5d008cc0ce2}"
EndProject
Project("{FAE04EC0-301F-11D3-BF4B-00C04F79EFBC}") = "KinoBloom.Runtime", "KinoBloom.Runtime.csproj", "{a6f671e3-ec86-2586-15a5-00763dc5b3e5}"
EndProject
Project("{FAE04EC0-301F-11D3-BF4B-00C04F79EFBC}") = "UniTask.DOTween", "UniTask.DOTween.csproj", "{907a061d-8180-c5a6-1b2b-4a18937a5f4b}"
EndProject
Project("{FAE04EC0-301F-11D3-BF4B-00C04F79EFBC}") = "Gentleland.Utils.SteampunkUI", "Gentleland.Utils.SteampunkUI.csproj", "{e9a69569-8cb4-aafb-c067-ec9d4c8b7ceb}"
EndProject
Global
	GlobalSection(SolutionConfigurationPlatforms) = preSolution
		Debug|Any CPU = Debug|Any CPU
	EndGlobalSection
	GlobalSection(ProjectConfigurationPlatforms) = postSolution
		{82712bba-96f0-c1f8-d0ea-50cf085b1dd6}.Debug|Any CPU.ActiveCfg = Debug|Any CPU
		{82712bba-96f0-c1f8-d0ea-50cf085b1dd6}.Debug|Any CPU.Build.0 = Debug|Any CPU
		{5c110e80-4f4c-5bc3-6976-f6776150369f}.Debug|Any CPU.ActiveCfg = Debug|Any CPU
		{5c110e80-4f4c-5bc3-6976-f6776150369f}.Debug|Any CPU.Build.0 = Debug|Any CPU
		{3c7e9ebc-6e5b-e0cd-e1d9-7accab435042}.Debug|Any CPU.ActiveCfg = Debug|Any CPU
		{3c7e9ebc-6e5b-e0cd-e1d9-7accab435042}.Debug|Any CPU.Build.0 = Debug|Any CPU
		{2b1be935-902b-9b6d-8271-3d22ff82f69f}.Debug|Any CPU.ActiveCfg = Debug|Any CPU
		{2b1be935-902b-9b6d-8271-3d22ff82f69f}.Debug|Any CPU.Build.0 = Debug|Any CPU
		{662ab2fb-c048-f486-4fc3-66614dbc36db}.Debug|Any CPU.ActiveCfg = Debug|Any CPU
		{662ab2fb-c048-f486-4fc3-66614dbc36db}.Debug|Any CPU.Build.0 = Debug|Any CPU
		{f30626a1-b062-023a-7184-a72b56fd0e14}.Debug|Any CPU.ActiveCfg = Debug|Any CPU
		{f30626a1-b062-023a-7184-a72b56fd0e14}.Debug|Any CPU.Build.0 = Debug|Any CPU
		{c5501984-ba2f-a3f4-9128-d5b543dd34b7}.Debug|Any CPU.ActiveCfg = Debug|Any CPU
		{c5501984-ba2f-a3f4-9128-d5b543dd34b7}.Debug|Any CPU.Build.0 = Debug|Any CPU
		{5261e600-97d8-3265-5361-d0572bc8bb46}.Debug|Any CPU.ActiveCfg = Debug|Any CPU
		{5261e600-97d8-3265-5361-d0572bc8bb46}.Debug|Any CPU.Build.0 = Debug|Any CPU
		{ff848cd5-9984-2cc0-4b2a-db079823c6bc}.Debug|Any CPU.ActiveCfg = Debug|Any CPU
		{ff848cd5-9984-2cc0-4b2a-db079823c6bc}.Debug|Any CPU.Build.0 = Debug|Any CPU
		{92ec407c-22b8-2846-e28b-0d04c8828ced}.Debug|Any CPU.ActiveCfg = Debug|Any CPU
		{92ec407c-22b8-2846-e28b-0d04c8828ced}.Debug|Any CPU.Build.0 = Debug|Any CPU
		{4e267ce2-6b01-af96-99d7-1ab47ab36f0b}.Debug|Any CPU.ActiveCfg = Debug|Any CPU
		{4e267ce2-6b01-af96-99d7-1ab47ab36f0b}.Debug|Any CPU.Build.0 = Debug|Any CPU
		{95b4d203-8513-6817-3123-0247f04a1a04}.Debug|Any CPU.ActiveCfg = Debug|Any CPU
		{95b4d203-8513-6817-3123-0247f04a1a04}.Debug|Any CPU.Build.0 = Debug|Any CPU
		{cc75240c-0683-e890-a374-b5d008cc0ce2}.Debug|Any CPU.ActiveCfg = Debug|Any CPU
		{cc75240c-0683-e890-a374-b5d008cc0ce2}.Debug|Any CPU.Build.0 = Debug|Any CPU
		{a6f671e3-ec86-2586-15a5-00763dc5b3e5}.Debug|Any CPU.ActiveCfg = Debug|Any CPU
		{a6f671e3-ec86-2586-15a5-00763dc5b3e5}.Debug|Any CPU.Build.0 = Debug|Any CPU
		{907a061d-8180-c5a6-1b2b-4a18937a5f4b}.Debug|Any CPU.ActiveCfg = Debug|Any CPU
		{907a061d-8180-c5a6-1b2b-4a18937a5f4b}.Debug|Any CPU.Build.0 = Debug|Any CPU
		{e9a69569-8cb4-aafb-c067-ec9d4c8b7ceb}.Debug|Any CPU.ActiveCfg = Debug|Any CPU
		{e9a69569-8cb4-aafb-c067-ec9d4c8b7ceb}.Debug|Any CPU.Build.0 = Debug|Any CPU
	EndGlobalSection
	GlobalSection(SolutionProperties) = preSolution
		HideSolutionNode = FALSE
	EndGlobalSection
EndGlobal
