
Microsoft Visual Studio Solution File, Format Version 11.00
# Visual Studio 2010
Project("{FAE04EC0-301F-11D3-BF4B-00C04F79EFBC}") = "UniTask", "UniTask.csproj", "{5023c9e1-fb9a-da35-08cf-c20469b01418}"
EndProject
Project("{FAE04EC0-301F-11D3-BF4B-00C04F79EFBC}") = "UniTask.Linq", "UniTask.Linq.csproj", "{b09a680c-05cf-d8be-0f2f-782f62eec96e}"
EndProject
Project("{FAE04EC0-301F-11D3-BF4B-00C04F79EFBC}") = "CandyCoded.env", "CandyCoded.env.csproj", "{fa6d0003-74c0-5da0-eefd-52e857d44736}"
EndProject
Project("{FAE04EC0-301F-11D3-BF4B-00C04F79EFBC}") = "Assembly-CSharp", "Assembly-CSharp.csproj", "{2688860f-4831-8282-f324-ba7fd510c727}"
EndProject
Project("{FAE04EC0-301F-11D3-BF4B-00C04F79EFBC}") = "UniTask.DOTween", "UniTask.DOTween.csproj", "{09c02a33-266c-173a-ffd4-b61f5295b0c1}"
EndProject
Project("{FAE04EC0-301F-11D3-BF4B-00C04F79EFBC}") = "UniTask.TextMeshPro", "UniTask.TextMeshPro.csproj", "{347444af-b66f-e005-2d1e-4c963f968255}"
EndProject
Project("{FAE04EC0-301F-11D3-BF4B-00C04F79EFBC}") = "UniTask.Addressables", "UniTask.Addressables.csproj", "{be5574a2-16fa-eea0-708b-22f2a4bf66f5}"
EndProject
Project("{FAE04EC0-301F-11D3-BF4B-00C04F79EFBC}") = "com.vanbassum.wakatime", "com.vanbassum.wakatime.csproj", "{f18ea7e2-af51-c212-dc89-82a600383427}"
EndProject
Project("{FAE04EC0-301F-11D3-BF4B-00C04F79EFBC}") = "UniTask.Editor", "UniTask.Editor.csproj", "{7267543d-0ff0-699c-bf92-6e0657b53842}"
EndProject
Project("{FAE04EC0-301F-11D3-BF4B-00C04F79EFBC}") = "CandyCoded.env.Editor", "CandyCoded.env.Editor.csproj", "{d59f9941-b752-086e-5a5d-6ff05e5ff1ac}"
EndProject
Global
	GlobalSection(SolutionConfigurationPlatforms) = preSolution
		Debug|Any CPU = Debug|Any CPU
	EndGlobalSection
	GlobalSection(ProjectConfigurationPlatforms) = postSolution
		{5023c9e1-fb9a-da35-08cf-c20469b01418}.Debug|Any CPU.ActiveCfg = Debug|Any CPU
		{5023c9e1-fb9a-da35-08cf-c20469b01418}.Debug|Any CPU.Build.0 = Debug|Any CPU
		{b09a680c-05cf-d8be-0f2f-782f62eec96e}.Debug|Any CPU.ActiveCfg = Debug|Any CPU
		{b09a680c-05cf-d8be-0f2f-782f62eec96e}.Debug|Any CPU.Build.0 = Debug|Any CPU
		{fa6d0003-74c0-5da0-eefd-52e857d44736}.Debug|Any CPU.ActiveCfg = Debug|Any CPU
		{fa6d0003-74c0-5da0-eefd-52e857d44736}.Debug|Any CPU.Build.0 = Debug|Any CPU
		{2688860f-4831-8282-f324-ba7fd510c727}.Debug|Any CPU.ActiveCfg = Debug|Any CPU
		{2688860f-4831-8282-f324-ba7fd510c727}.Debug|Any CPU.Build.0 = Debug|Any CPU
		{09c02a33-266c-173a-ffd4-b61f5295b0c1}.Debug|Any CPU.ActiveCfg = Debug|Any CPU
		{09c02a33-266c-173a-ffd4-b61f5295b0c1}.Debug|Any CPU.Build.0 = Debug|Any CPU
		{347444af-b66f-e005-2d1e-4c963f968255}.Debug|Any CPU.ActiveCfg = Debug|Any CPU
		{347444af-b66f-e005-2d1e-4c963f968255}.Debug|Any CPU.Build.0 = Debug|Any CPU
		{be5574a2-16fa-eea0-708b-22f2a4bf66f5}.Debug|Any CPU.ActiveCfg = Debug|Any CPU
		{be5574a2-16fa-eea0-708b-22f2a4bf66f5}.Debug|Any CPU.Build.0 = Debug|Any CPU
		{f18ea7e2-af51-c212-dc89-82a600383427}.Debug|Any CPU.ActiveCfg = Debug|Any CPU
		{f18ea7e2-af51-c212-dc89-82a600383427}.Debug|Any CPU.Build.0 = Debug|Any CPU
		{7267543d-0ff0-699c-bf92-6e0657b53842}.Debug|Any CPU.ActiveCfg = Debug|Any CPU
		{7267543d-0ff0-699c-bf92-6e0657b53842}.Debug|Any CPU.Build.0 = Debug|Any CPU
		{d59f9941-b752-086e-5a5d-6ff05e5ff1ac}.Debug|Any CPU.ActiveCfg = Debug|Any CPU
		{d59f9941-b752-086e-5a5d-6ff05e5ff1ac}.Debug|Any CPU.Build.0 = Debug|Any CPU
	EndGlobalSection
	GlobalSection(SolutionProperties) = preSolution
		HideSolutionNode = FALSE
	EndGlobalSection
EndGlobal
